
Microsoft Visual Studio Solution File, Format Version 12.00
# Visual Studio Version 17
VisualStudioVersion = 17.3.32901.215
MinimumVisualStudioVersion = 10.0.40219.1
Project("{9A19103F-16F7-4668-BE54-9A1E7A4F7556}") = "RomanNumeralGenerator", "RomanNumeralGenerator\RomanNumeralGenerator.csproj", "{D4057774-FDF2-4FF4-A4F1-F44C08112504}"
EndProject
Project("{9A19103F-16F7-4668-BE54-9A1E7A4F7556}") = "RomanNumeralGeneratorAPI", "RomanNumeralGeneratorAPI\RomanNumeralGeneratorAPI.csproj", "{C4EC0FC2-EAB8-48B3-97A2-134095E282AF}"
EndProject
Project("{9A19103F-16F7-4668-BE54-9A1E7A4F7556}") = "RomanNumeralGenerator.Data", "RomanNumeralGenerator.Data\RomanNumeralGenerator.Data.csproj", "{91EA4442-B04D-4F25-B893-2D6672B03C6E}"
EndProject
Project("{FAE04EC0-301F-11D3-BF4B-00C04F79EFBC}") = "RomanNumeralGenerator.Services", "RomanNumeralGenerator.Services\RomanNumeralGenerator.Services.csproj", "{13FB52EE-BD80-4D0E-A504-B29F7B90882B}"
EndProject
Global
	GlobalSection(SolutionConfigurationPlatforms) = preSolution
		Debug|Any CPU = Debug|Any CPU
		Release|Any CPU = Release|Any CPU
	EndGlobalSection
	GlobalSection(ProjectConfigurationPlatforms) = postSolution
		{D4057774-FDF2-4FF4-A4F1-F44C08112504}.Debug|Any CPU.ActiveCfg = Debug|Any CPU
		{D4057774-FDF2-4FF4-A4F1-F44C08112504}.Debug|Any CPU.Build.0 = Debug|Any CPU
		{D4057774-FDF2-4FF4-A4F1-F44C08112504}.Release|Any CPU.ActiveCfg = Release|Any CPU
		{D4057774-FDF2-4FF4-A4F1-F44C08112504}.Release|Any CPU.Build.0 = Release|Any CPU
		{C4EC0FC2-EAB8-48B3-97A2-134095E282AF}.Debug|Any CPU.ActiveCfg = Debug|Any CPU
		{C4EC0FC2-EAB8-48B3-97A2-134095E282AF}.Debug|Any CPU.Build.0 = Debug|Any CPU
		{C4EC0FC2-EAB8-48B3-97A2-134095E282AF}.Release|Any CPU.ActiveCfg = Release|Any CPU
		{C4EC0FC2-EAB8-48B3-97A2-134095E282AF}.Release|Any CPU.Build.0 = Release|Any CPU
		{91EA4442-B04D-4F25-B893-2D6672B03C6E}.Debug|Any CPU.ActiveCfg = Debug|Any CPU
		{91EA4442-B04D-4F25-B893-2D6672B03C6E}.Debug|Any CPU.Build.0 = Debug|Any CPU
		{91EA4442-B04D-4F25-B893-2D6672B03C6E}.Release|Any CPU.ActiveCfg = Release|Any CPU
		{91EA4442-B04D-4F25-B893-2D6672B03C6E}.Release|Any CPU.Build.0 = Release|Any CPU
		{13FB52EE-BD80-4D0E-A504-B29F7B90882B}.Debug|Any CPU.ActiveCfg = Debug|Any CPU
		{13FB52EE-BD80-4D0E-A504-B29F7B90882B}.Debug|Any CPU.Build.0 = Debug|Any CPU
		{13FB52EE-BD80-4D0E-A504-B29F7B90882B}.Release|Any CPU.ActiveCfg = Release|Any CPU
		{13FB52EE-BD80-4D0E-A504-B29F7B90882B}.Release|Any CPU.Build.0 = Release|Any CPU
	EndGlobalSection
	GlobalSection(SolutionProperties) = preSolution
		HideSolutionNode = FALSE
	EndGlobalSection
	GlobalSection(ExtensibilityGlobals) = postSolution
		SolutionGuid = {0BE80375-FFFF-4741-B479-779101D2F338}
	EndGlobalSection
EndGlobal
